
Microsoft Visual Studio Solution File, Format Version 12.00
# Visual Studio 14
VisualStudioVersion = 14.0.25420.1
MinimumVisualStudioVersion = 10.0.40219.1
Project("{FAE04EC0-301F-11D3-BF4B-00C04F79EFBC}") = "GUIHost", "GUIHost\GUIHost.csproj", "{BF39F0F0-117E-4794-95E5-00C190A32105}"
	ProjectSection(ProjectDependencies) = postProject
		{EAFAD399-DFA0-4733-9D7D-C66D39280431} = {EAFAD399-DFA0-4733-9D7D-C66D39280431}
	EndProjectSection
EndProject
Project("{FAE04EC0-301F-11D3-BF4B-00C04F79EFBC}") = "NextBusFileManager", "NextBusFileManager\NextBusFileManager.csproj", "{D653E1F1-53F6-44B4-A10E-4B81756F18EF}"
EndProject
Project("{FAE04EC0-301F-11D3-BF4B-00C04F79EFBC}") = "MainClass", "MainClass\MainClass.csproj", "{EAFAD399-DFA0-4733-9D7D-C66D39280431}"
EndProject
Global
	GlobalSection(SolutionConfigurationPlatforms) = preSolution
		Debug|Any CPU = Debug|Any CPU
		Debug|ARM = Debug|ARM
		Debug|x64 = Debug|x64
		Debug|x86 = Debug|x86
		Release|Any CPU = Release|Any CPU
		Release|ARM = Release|ARM
		Release|x64 = Release|x64
		Release|x86 = Release|x86
		v4.0-Debug|Any CPU = v4.0-Debug|Any CPU
		v4.0-Debug|ARM = v4.0-Debug|ARM
		v4.0-Debug|x64 = v4.0-Debug|x64
		v4.0-Debug|x86 = v4.0-Debug|x86
		v4.0-Release|Any CPU = v4.0-Release|Any CPU
		v4.0-Release|ARM = v4.0-Release|ARM
		v4.0-Release|x64 = v4.0-Release|x64
		v4.0-Release|x86 = v4.0-Release|x86
	EndGlobalSection
	GlobalSection(ProjectConfigurationPlatforms) = postSolution
		{BF39F0F0-117E-4794-95E5-00C190A32105}.Debug|Any CPU.ActiveCfg = Debug|Any CPU
		{BF39F0F0-117E-4794-95E5-00C190A32105}.Debug|Any CPU.Build.0 = Debug|Any CPU
		{BF39F0F0-117E-4794-95E5-00C190A32105}.Debug|ARM.ActiveCfg = Debug|Any CPU
		{BF39F0F0-117E-4794-95E5-00C190A32105}.Debug|ARM.Build.0 = Debug|Any CPU
		{BF39F0F0-117E-4794-95E5-00C190A32105}.Debug|x64.ActiveCfg = Debug|x64
		{BF39F0F0-117E-4794-95E5-00C190A32105}.Debug|x64.Build.0 = Debug|x64
		{BF39F0F0-117E-4794-95E5-00C190A32105}.Debug|x86.ActiveCfg = Debug|Any CPU
		{BF39F0F0-117E-4794-95E5-00C190A32105}.Debug|x86.Build.0 = Debug|Any CPU
		{BF39F0F0-117E-4794-95E5-00C190A32105}.Release|Any CPU.ActiveCfg = Release|Any CPU
		{BF39F0F0-117E-4794-95E5-00C190A32105}.Release|Any CPU.Build.0 = Release|Any CPU
		{BF39F0F0-117E-4794-95E5-00C190A32105}.Release|ARM.ActiveCfg = Release|Any CPU
		{BF39F0F0-117E-4794-95E5-00C190A32105}.Release|ARM.Build.0 = Release|Any CPU
		{BF39F0F0-117E-4794-95E5-00C190A32105}.Release|x64.ActiveCfg = Release|x64
		{BF39F0F0-117E-4794-95E5-00C190A32105}.Release|x64.Build.0 = Release|x64
		{BF39F0F0-117E-4794-95E5-00C190A32105}.Release|x86.ActiveCfg = Release|Any CPU
		{BF39F0F0-117E-4794-95E5-00C190A32105}.Release|x86.Build.0 = Release|Any CPU
		{BF39F0F0-117E-4794-95E5-00C190A32105}.v4.0-Debug|Any CPU.ActiveCfg = Debug|Any CPU
		{BF39F0F0-117E-4794-95E5-00C190A32105}.v4.0-Debug|Any CPU.Build.0 = Debug|Any CPU
		{BF39F0F0-117E-4794-95E5-00C190A32105}.v4.0-Debug|ARM.ActiveCfg = Debug|Any CPU
		{BF39F0F0-117E-4794-95E5-00C190A32105}.v4.0-Debug|ARM.Build.0 = Debug|Any CPU
		{BF39F0F0-117E-4794-95E5-00C190A32105}.v4.0-Debug|x64.ActiveCfg = Debug|x64
		{BF39F0F0-117E-4794-95E5-00C190A32105}.v4.0-Debug|x64.Build.0 = Debug|x64
		{BF39F0F0-117E-4794-95E5-00C190A32105}.v4.0-Debug|x86.ActiveCfg = Debug|Any CPU
		{BF39F0F0-117E-4794-95E5-00C190A32105}.v4.0-Debug|x86.Build.0 = Debug|Any CPU
		{BF39F0F0-117E-4794-95E5-00C190A32105}.v4.0-Release|Any CPU.ActiveCfg = Release|Any CPU
		{BF39F0F0-117E-4794-95E5-00C190A32105}.v4.0-Release|Any CPU.Build.0 = Release|Any CPU
		{BF39F0F0-117E-4794-95E5-00C190A32105}.v4.0-Release|ARM.ActiveCfg = Release|Any CPU
		{BF39F0F0-117E-4794-95E5-00C190A32105}.v4.0-Release|ARM.Build.0 = Release|Any CPU
		{BF39F0F0-117E-4794-95E5-00C190A32105}.v4.0-Release|x64.ActiveCfg = Release|x64
		{BF39F0F0-117E-4794-95E5-00C190A32105}.v4.0-Release|x64.Build.0 = Release|x64
		{BF39F0F0-117E-4794-95E5-00C190A32105}.v4.0-Release|x86.ActiveCfg = Release|Any CPU
		{BF39F0F0-117E-4794-95E5-00C190A32105}.v4.0-Release|x86.Build.0 = Release|Any CPU
		{D653E1F1-53F6-44B4-A10E-4B81756F18EF}.Debug|Any CPU.ActiveCfg = Debug|Any CPU
		{D653E1F1-53F6-44B4-A10E-4B81756F18EF}.Debug|Any CPU.Build.0 = Debug|Any CPU
		{D653E1F1-53F6-44B4-A10E-4B81756F18EF}.Debug|ARM.ActiveCfg = Debug|Any CPU
		{D653E1F1-53F6-44B4-A10E-4B81756F18EF}.Debug|ARM.Build.0 = Debug|Any CPU
		{D653E1F1-53F6-44B4-A10E-4B81756F18EF}.Debug|x64.ActiveCfg = Debug|x64
		{D653E1F1-53F6-44B4-A10E-4B81756F18EF}.Debug|x64.Build.0 = Debug|x64
		{D653E1F1-53F6-44B4-A10E-4B81756F18EF}.Debug|x86.ActiveCfg = Debug|Any CPU
		{D653E1F1-53F6-44B4-A10E-4B81756F18EF}.Debug|x86.Build.0 = Debug|Any CPU
		{D653E1F1-53F6-44B4-A10E-4B81756F18EF}.Release|Any CPU.ActiveCfg = Release|Any CPU
		{D653E1F1-53F6-44B4-A10E-4B81756F18EF}.Release|Any CPU.Build.0 = Release|Any CPU
		{D653E1F1-53F6-44B4-A10E-4B81756F18EF}.Release|ARM.ActiveCfg = Release|Any CPU
		{D653E1F1-53F6-44B4-A10E-4B81756F18EF}.Release|ARM.Build.0 = Release|Any CPU
		{D653E1F1-53F6-44B4-A10E-4B81756F18EF}.Release|x64.ActiveCfg = Release|x64
		{D653E1F1-53F6-44B4-A10E-4B81756F18EF}.Release|x64.Build.0 = Release|x64
		{D653E1F1-53F6-44B4-A10E-4B81756F18EF}.Release|x86.ActiveCfg = Release|Any CPU
		{D653E1F1-53F6-44B4-A10E-4B81756F18EF}.Release|x86.Build.0 = Release|Any CPU
		{D653E1F1-53F6-44B4-A10E-4B81756F18EF}.v4.0-Debug|Any CPU.ActiveCfg = Debug|Any CPU
		{D653E1F1-53F6-44B4-A10E-4B81756F18EF}.v4.0-Debug|Any CPU.Build.0 = Debug|Any CPU
		{D653E1F1-53F6-44B4-A10E-4B81756F18EF}.v4.0-Debug|ARM.ActiveCfg = Debug|Any CPU
		{D653E1F1-53F6-44B4-A10E-4B81756F18EF}.v4.0-Debug|ARM.Build.0 = Debug|Any CPU
		{D653E1F1-53F6-44B4-A10E-4B81756F18EF}.v4.0-Debug|x64.ActiveCfg = Debug|x64
		{D653E1F1-53F6-44B4-A10E-4B81756F18EF}.v4.0-Debug|x64.Build.0 = Debug|x64
		{D653E1F1-53F6-44B4-A10E-4B81756F18EF}.v4.0-Debug|x86.ActiveCfg = Debug|Any CPU
		{D653E1F1-53F6-44B4-A10E-4B81756F18EF}.v4.0-Debug|x86.Build.0 = Debug|Any CPU
		{D653E1F1-53F6-44B4-A10E-4B81756F18EF}.v4.0-Release|Any CPU.ActiveCfg = Release|Any CPU
		{D653E1F1-53F6-44B4-A10E-4B81756F18EF}.v4.0-Release|Any CPU.Build.0 = Release|Any CPU
		{D653E1F1-53F6-44B4-A10E-4B81756F18EF}.v4.0-Release|ARM.ActiveCfg = Release|Any CPU
		{D653E1F1-53F6-44B4-A10E-4B81756F18EF}.v4.0-Release|ARM.Build.0 = Release|Any CPU
		{D653E1F1-53F6-44B4-A10E-4B81756F18EF}.v4.0-Release|x64.ActiveCfg = Release|x64
		{D653E1F1-53F6-44B4-A10E-4B81756F18EF}.v4.0-Release|x64.Build.0 = Release|x64
		{D653E1F1-53F6-44B4-A10E-4B81756F18EF}.v4.0-Release|x86.ActiveCfg = Release|Any CPU
		{D653E1F1-53F6-44B4-A10E-4B81756F18EF}.v4.0-Release|x86.Build.0 = Release|Any CPU
		{EAFAD399-DFA0-4733-9D7D-C66D39280431}.Debug|Any CPU.ActiveCfg = Debug|Any CPU
		{EAFAD399-DFA0-4733-9D7D-C66D39280431}.Debug|Any CPU.Build.0 = Debug|Any CPU
		{EAFAD399-DFA0-4733-9D7D-C66D39280431}.Debug|ARM.ActiveCfg = Debug|Any CPU
		{EAFAD399-DFA0-4733-9D7D-C66D39280431}.Debug|ARM.Build.0 = Debug|Any CPU
		{EAFAD399-DFA0-4733-9D7D-C66D39280431}.Debug|x64.ActiveCfg = Debug|x64
		{EAFAD399-DFA0-4733-9D7D-C66D39280431}.Debug|x64.Build.0 = Debug|x64
		{EAFAD399-DFA0-4733-9D7D-C66D39280431}.Debug|x86.ActiveCfg = Debug|Any CPU
		{EAFAD399-DFA0-4733-9D7D-C66D39280431}.Debug|x86.Build.0 = Debug|Any CPU
		{EAFAD399-DFA0-4733-9D7D-C66D39280431}.Release|Any CPU.ActiveCfg = Release|Any CPU
		{EAFAD399-DFA0-4733-9D7D-C66D39280431}.Release|Any CPU.Build.0 = Release|Any CPU
		{EAFAD399-DFA0-4733-9D7D-C66D39280431}.Release|ARM.ActiveCfg = Release|Any CPU
		{EAFAD399-DFA0-4733-9D7D-C66D39280431}.Release|ARM.Build.0 = Release|Any CPU
		{EAFAD399-DFA0-4733-9D7D-C66D39280431}.Release|x64.ActiveCfg = Release|x64
		{EAFAD399-DFA0-4733-9D7D-C66D39280431}.Release|x64.Build.0 = Release|x64
		{EAFAD399-DFA0-4733-9D7D-C66D39280431}.Release|x86.ActiveCfg = Release|Any CPU
		{EAFAD399-DFA0-4733-9D7D-C66D39280431}.Release|x86.Build.0 = Release|Any CPU
		{EAFAD399-DFA0-4733-9D7D-C66D39280431}.v4.0-Debug|Any CPU.ActiveCfg = Debug|Any CPU
		{EAFAD399-DFA0-4733-9D7D-C66D39280431}.v4.0-Debug|Any CPU.Build.0 = Debug|Any CPU
		{EAFAD399-DFA0-4733-9D7D-C66D39280431}.v4.0-Debug|ARM.ActiveCfg = Debug|Any CPU
		{EAFAD399-DFA0-4733-9D7D-C66D39280431}.v4.0-Debug|ARM.Build.0 = Debug|Any CPU
		{EAFAD399-DFA0-4733-9D7D-C66D39280431}.v4.0-Debug|x64.ActiveCfg = Debug|x64
		{EAFAD399-DFA0-4733-9D7D-C66D39280431}.v4.0-Debug|x64.Build.0 = Debug|x64
		{EAFAD399-DFA0-4733-9D7D-C66D39280431}.v4.0-Debug|x86.ActiveCfg = Debug|Any CPU
		{EAFAD399-DFA0-4733-9D7D-C66D39280431}.v4.0-Debug|x86.Build.0 = Debug|Any CPU
		{EAFAD399-DFA0-4733-9D7D-C66D39280431}.v4.0-Release|Any CPU.ActiveCfg = Release|Any CPU
		{EAFAD399-DFA0-4733-9D7D-C66D39280431}.v4.0-Release|Any CPU.Build.0 = Release|Any CPU
		{EAFAD399-DFA0-4733-9D7D-C66D39280431}.v4.0-Release|ARM.ActiveCfg = Release|Any CPU
		{EAFAD399-DFA0-4733-9D7D-C66D39280431}.v4.0-Release|ARM.Build.0 = Release|Any CPU
		{EAFAD399-DFA0-4733-9D7D-C66D39280431}.v4.0-Release|x64.ActiveCfg = Release|x64
		{EAFAD399-DFA0-4733-9D7D-C66D39280431}.v4.0-Release|x64.Build.0 = Release|x64
		{EAFAD399-DFA0-4733-9D7D-C66D39280431}.v4.0-Release|x86.ActiveCfg = Release|Any CPU
		{EAFAD399-DFA0-4733-9D7D-C66D39280431}.v4.0-Release|x86.Build.0 = Release|Any CPU
	EndGlobalSection
	GlobalSection(SolutionProperties) = preSolution
		HideSolutionNode = FALSE
	EndGlobalSection
EndGlobal
